// !$*UTF8*$!
{
	archiveVersion = 1;
	classes = {
	};
	objectVersion = 54;
	objects = {

/* Begin PBXBuildFile section */
		E254D9D4D53251848B768500 /* LexiconSmokeTestApp.swift in Sources */ = {isa = PBXBuildFile; fileRef = AB106C38736F5C449F23DAFA /* LexiconSmokeTestApp.swift */; };
		630CD6763BF25841941B1417 /* Shared.xcframework in Frameworks */ = {isa = PBXBuildFile; fileRef = 99C97CCE0B2052A8904A1711 /* Shared.xcframework */; };
		AD35068CABBF5F678410A760 /* Shared.xcframework in Embed Frameworks */ = {isa = PBXBuildFile; fileRef = 99C97CCE0B2052A8904A1711 /* Shared.xcframework */; settings = {ATTRIBUTES = (CodeSignOnCopy, RemoveHeadersOnCopy, ); }; };
/* End PBXBuildFile section */

/* Begin PBXFileReference section */
		379107F4BD9D5823990FCC4B /* LexiconSmokeTest.app */ = {isa = PBXFileReference; explicitFileType = wrapper.application; includeInIndex = 0; path = LexiconSmokeTest.app; sourceTree = BUILT_PRODUCTS_DIR; };
		AB106C38736F5C449F23DAFA /* LexiconSmokeTestApp.swift */ = {isa = PBXFileReference; lastKnownFileType = sourcecode.swift; path = LexiconSmokeTestApp.swift; sourceTree = "<group>"; };
		C330BEF489A05E9988E88F14 /* Info.plist */ = {isa = PBXFileReference; lastKnownFileType = text.plist.xml; path = Info.plist; sourceTree = "<group>"; };
		99C97CCE0B2052A8904A1711 /* Shared.xcframework */ = {isa = PBXFileReference; lastKnownFileType = wrapper.xcframework; name = Shared.xcframework; path = ../shared/build/XCFrameworks/release/Shared.xcframework; sourceTree = "<group>"; };
/* End PBXFileReference section */

/* Begin PBXFrameworksBuildPhase section */
		A5B33897328B57DD849FEF2D /* Frameworks */ = {
			isa = PBXFrameworksBuildPhase;
			buildActionMask = 2147483647;
			files = (
				630CD6763BF25841941B1417 /* Shared.xcframework in Frameworks */,
			);
			runOnlyForDeploymentPostprocessing = 0;
		};
/* End PBXFrameworksBuildPhase section */

/* Begin PBXGroup section */
		6788D67677195CED8F003E4B = {
			isa = PBXGroup;
			children = (
				17564DD352E35863AA13EE6B /* LexiconSmokeTest */,
				2ABE3BA7A152531B88A27FB7 /* Frameworks */,
				5B8F78FE27E150EBB7F91CEC /* Products */,
			);
			sourceTree = "<group>";
		};
		5B8F78FE27E150EBB7F91CEC /* Products */ = {
			isa = PBXGroup;
			children = (
				379107F4BD9D5823990FCC4B /* LexiconSmokeTest.app */,
			);
			name = Products;
			sourceTree = "<group>";
		};
		17564DD352E35863AA13EE6B /* LexiconSmokeTest */ = {
			isa = PBXGroup;
			children = (
				AB106C38736F5C449F23DAFA /* LexiconSmokeTestApp.swift */,
				C330BEF489A05E9988E88F14 /* Info.plist */,
			);
			path = LexiconSmokeTest;
			sourceTree = "<group>";
		};
		2ABE3BA7A152531B88A27FB7 /* Frameworks */ = {
			isa = PBXGroup;
			children = (
				99C97CCE0B2052A8904A1711 /* Shared.xcframework */,
			);
			name = Frameworks;
			sourceTree = "<group>";
		};
/* End PBXGroup section */

/* Begin PBXNativeTarget section */
		23C7D062006F578EAB3EA8B5 /* LexiconSmokeTest */ = {
			isa = PBXNativeTarget;
			buildConfigurationList = 57EDCBE9C7365B0B887BB67E /* Build configuration list for PBXNativeTarget "LexiconSmokeTest" */;
			buildPhases = (
				0140B8AC5E1E5F6F9B189E33 /* Sources */,
				A5B33897328B57DD849FEF2D /* Frameworks */,
				05667125B02657C8B207687C /* Resources */,
				F0D6CA8DC94B5569A924AD80 /* Embed Frameworks */,
			);
			buildRules = (
			);
			dependencies = (
			);
			name = LexiconSmokeTest;
			productName = LexiconSmokeTest;
			productReference = 379107F4BD9D5823990FCC4B /* LexiconSmokeTest.app */;
			productType = "com.apple.product-type.application";
		};
/* End PBXNativeTarget section */

/* Begin PBXProject section */
		005EB0BE0D3D50F5ABFB47FF /* Project object */ = {
			isa = PBXProject;
			attributes = {
				BuildIndependentTargetsInParallel = 1;
				LastSwiftUpdateCheck = 1600;
				LastUpgradeCheck = 1600;
				TargetAttributes = {
					23C7D062006F578EAB3EA8B5 = {
						CreatedOnToolsVersion = 16.0;
					};
				};
			};
			buildConfigurationList = 8B9D7BE6C9E45E8CAEA2D855 /* Build configuration list for PBXProject "LexiconSmokeTest" */;
			compatibilityVersion = "Xcode 14.0";
			developmentRegion = en;
			hasScannedForEncodings = 0;
			knownRegions = (
				en,
				Base,
			);
			mainGroup = 6788D67677195CED8F003E4B;
			productRefGroup = 5B8F78FE27E150EBB7F91CEC /* Products */;
			projectDirPath = "";
			projectRoot = "";
			targets = (
				23C7D062006F578EAB3EA8B5 /* LexiconSmokeTest */,
			);
		};
/* End PBXProject section */

/* Begin PBXResourcesBuildPhase section */
		05667125B02657C8B207687C /* Resources */ = {
			isa = PBXResourcesBuildPhase;
			buildActionMask = 2147483647;
			files = (
			);
			runOnlyForDeploymentPostprocessing = 0;
		};
/* End PBXResourcesBuildPhase section */

/* Begin PBXCopyFilesBuildPhase section */
		F0D6CA8DC94B5569A924AD80 /* Embed Frameworks */ = {
			isa = PBXCopyFilesBuildPhase;
			buildActionMask = 2147483647;
			dstPath = "";
			dstSubfolderSpec = 10;
			files = (
				AD35068CABBF5F678410A760 /* Shared.xcframework in Embed Frameworks */,
			);
			name = "Embed Frameworks";
			runOnlyForDeploymentPostprocessing = 0;
		};
/* End PBXCopyFilesBuildPhase section */

/* Begin PBXSourcesBuildPhase section */
		0140B8AC5E1E5F6F9B189E33 /* Sources */ = {
			isa = PBXSourcesBuildPhase;
			buildActionMask = 2147483647;
			files = (
				E254D9D4D53251848B768500 /* LexiconSmokeTestApp.swift in Sources */,
			);
			runOnlyForDeploymentPostprocessing = 0;
		};
/* End PBXSourcesBuildPhase section */

/* Begin XCBuildConfiguration section */
		FE6D24BF41975DF3963113FF /* Debug */ = {
			isa = XCBuildConfiguration;
			buildSettings = {
				ALWAYS_SEARCH_USER_PATHS = NO;
				CLANG_ENABLE_MODULES = YES;
				CLANG_ENABLE_OBJC_ARC = YES;
				COPY_PHASE_STRIP = NO;
				DEBUG_INFORMATION_FORMAT = dwarf;
				ENABLE_STRICT_OBJC_MSGSEND = YES;
				ENABLE_TESTABILITY = YES;
				GCC_C_LANGUAGE_STANDARD = gnu17;
				GCC_OPTIMIZATION_LEVEL = 0;
				GCC_PREPROCESSOR_DEFINITIONS = (
					"DEBUG=1",
					"$(inherited)",
				);
				IPHONEOS_DEPLOYMENT_TARGET = 17.0;
				MTL_ENABLE_DEBUG_INFO = INCLUDE_SOURCE;
				ONLY_ACTIVE_ARCH = YES;
				SDKROOT = iphoneos;
				SWIFT_ACTIVE_COMPILATION_CONDITIONS = "DEBUG $(inherited)";
				SWIFT_OPTIMIZATION_LEVEL = "-Onone";
			};
			name = Debug;
		};
		DB98B1E797485239B7EE78CE /* Release */ = {
			isa = XCBuildConfiguration;
			buildSettings = {
				ALWAYS_SEARCH_USER_PATHS = NO;
				CLANG_ENABLE_MODULES = YES;
				CLANG_ENABLE_OBJC_ARC = YES;
				COPY_PHASE_STRIP = NO;
				DEBUG_INFORMATION_FORMAT = "dwarf-with-dsym";
				ENABLE_NS_ASSERTIONS = NO;
				ENABLE_STRICT_OBJC_MSGSEND = YES;
				GCC_C_LANGUAGE_STANDARD = gnu17;
				IPHONEOS_DEPLOYMENT_TARGET = 17.0;
				MTL_ENABLE_DEBUG_INFO = NO;
				SDKROOT = iphoneos;
				SWIFT_COMPILATION_MODE = wholemodule;
				VALIDATE_PRODUCT = YES;
			};
			name = Release;
		};
		5F1C487D86D55430AA69CFD1 /* Debug */ = {
			isa = XCBuildConfiguration;
			buildSettings = {
				ASSETCATALOG_COMPILER_GENERATE_ASSET_SYMBOLS = NO;
				CODE_SIGNING_ALLOWED = NO;
				CODE_SIGNING_REQUIRED = NO;
				CODE_SIGN_IDENTITY = "";
				CURRENT_PROJECT_VERSION = 1;
				GENERATE_INFOPLIST_FILE = NO;
				INFOPLIST_FILE = LexiconSmokeTest/Info.plist;
				LD_RUNPATH_SEARCH_PATHS = (
					"$(inherited)",
					"@executable_path/Frameworks",
				);
				OTHER_LDFLAGS = (
					"$(inherited)",
					"-lsqlite3",
				);
				PRODUCT_BUNDLE_IDENTIFIER = com.lexicon.smoketest;
				PRODUCT_NAME = "$(TARGET_NAME)";
				SWIFT_EMIT_LOC_STRINGS = YES;
				SWIFT_VERSION = 5.0;
				TARGETED_DEVICE_FAMILY = 1;
			};
			name = Debug;
		};
		585F9F5C639E58128768DFA9 /* Release */ = {
			isa = XCBuildConfiguration;
			buildSettings = {
				ASSETCATALOG_COMPILER_GENERATE_ASSET_SYMBOLS = NO;
				CODE_SIGNING_ALLOWED = NO;
				CODE_SIGNING_REQUIRED = NO;
				CODE_SIGN_IDENTITY = "";
				CURRENT_PROJECT_VERSION = 1;
				GENERATE_INFOPLIST_FILE = NO;
				INFOPLIST_FILE = LexiconSmokeTest/Info.plist;
				LD_RUNPATH_SEARCH_PATHS = (
					"$(inherited)",
					"@executable_path/Frameworks",
				);
				OTHER_LDFLAGS = (
					"$(inherited)",
					"-lsqlite3",
				);
				PRODUCT_BUNDLE_IDENTIFIER = com.lexicon.smoketest;
				PRODUCT_NAME = "$(TARGET_NAME)";
				SWIFT_EMIT_LOC_STRINGS = YES;
				SWIFT_VERSION = 5.0;
				TARGETED_DEVICE_FAMILY = 1;
			};
			name = Release;
		};
/* End XCBuildConfiguration section */

/* Begin XCConfigurationList section */
		8B9D7BE6C9E45E8CAEA2D855 /* Build configuration list for PBXProject "LexiconSmokeTest" */ = {
			isa = XCConfigurationList;
			buildConfigurations = (
				FE6D24BF41975DF3963113FF /* Debug */,
				DB98B1E797485239B7EE78CE /* Release */,
			);
			defaultConfigurationIsVisible = 0;
			defaultConfigurationName = Release;
		};
		57EDCBE9C7365B0B887BB67E /* Build configuration list for PBXNativeTarget "LexiconSmokeTest" */ = {
			isa = XCConfigurationList;
			buildConfigurations = (
				5F1C487D86D55430AA69CFD1 /* Debug */,
				585F9F5C639E58128768DFA9 /* Release */,
			);
			defaultConfigurationIsVisible = 0;
			defaultConfigurationName = Release;
		};
/* End XCConfigurationList section */
	};
	rootObject = 005EB0BE0D3D50F5ABFB47FF /* Project object */;
}
